// !$*UTF8*$!
{
	archiveVersion = 1;
	classes = {
	};
	objectVersion = 50;
	objects = {

/* Begin PBXBuildFile section */
		7FA6E70823FC4FC400E90CCF /* AppDelegate.swift in Sources */ = {isa = PBXBuildFile; fileRef = 7FA6E70723FC4FC400E90CCF /* AppDelegate.swift */; };
		7FA6E70A23FC4FC400E90CCF /* SceneDelegate.swift in Sources */ = {isa = PBXBuildFile; fileRef = 7FA6E70923FC4FC400E90CCF /* SceneDelegate.swift */; };
		7FA6E70C23FC4FC400E90CCF /* ViewController.swift in Sources */ = {isa = PBXBuildFile; fileRef = 7FA6E70B23FC4FC400E90CCF /* ViewController.swift */; };
		7FA6E70F23FC4FC400E90CCF /* Main.storyboard in Resources */ = {isa = PBXBuildFile; fileRef = 7FA6E70D23FC4FC400E90CCF /* Main.storyboard */; };
		7FA6E71123FC4FC600E90CCF /* Assets.xcassets in Resources */ = {isa = PBXBuildFile; fileRef = 7FA6E71023FC4FC600E90CCF /* Assets.xcassets */; };
		7FA6E71423FC4FC600E90CCF /* LaunchScreen.storyboard in Resources */ = {isa = PBXBuildFile; fileRef = 7FA6E71223FC4FC600E90CCF /* LaunchScreen.storyboard */; };
/* End PBXBuildFile section */

/* Begin PBXFileReference section */
		7FA6E70423FC4FC400E90CCF /* TimerFunctionality.app */ = {isa = PBXFileReference; explicitFileType = wrapper.application; includeInIndex = 0; path = TimerFunctionality.app; sourceTree = BUILT_PRODUCTS_DIR; };
		7FA6E70723FC4FC400E90CCF /* AppDelegate.swift */ = {isa = PBXFileReference; lastKnownFileType = sourcecode.swift; path = AppDelegate.swift; sourceTree = "<group>"; };
		7FA6E70923FC4FC400E90CCF /* SceneDelegate.swift */ = {isa = PBXFileReference; lastKnownFileType = sourcecode.swift; path = SceneDelegate.swift; sourceTree = "<group>"; };
		7FA6E70B23FC4FC400E90CCF /* ViewController.swift */ = {isa = PBXFileReference; lastKnownFileType = sourcecode.swift; path = ViewController.swift; sourceTree = "<group>"; };
		7FA6E70E23FC4FC400E90CCF /* Base */ = {isa = PBXFileReference; lastKnownFileType = file.storyboard; name = Base; path = Base.lproj/Main.storyboard; sourceTree = "<group>"; };
		7FA6E71023FC4FC600E90CCF /* Assets.xcassets */ = {isa = PBXFileReference; lastKnownFileType = folder.assetcatalog; path = Assets.xcassets; sourceTree = "<group>"; };
		7FA6E71323FC4FC600E90CCF /* Base */ = {isa = PBXFileReference; lastKnownFileType = file.storyboard; name = Base; path = Base.lproj/LaunchScreen.storyboard; sourceTree = "<group>"; };
		7FA6E71523FC4FC600E90CCF /* Info.plist */ = {isa = PBXFileReference; lastKnownFileType = text.plist.xml; path = Info.plist; sourceTree = "<group>"; };
/* End PBXFileReference section */

/* Begin PBXFrameworksBuildPhase section */
		7FA6E70123FC4FC400E90CCF /* Frameworks */ = {
			isa = PBXFrameworksBuildPhase;
			buildActionMask = 2147483647;
			files = (
			);
			runOnlyForDeploymentPostprocessing = 0;
		};
/* End PBXFrameworksBuildPhase section */

/* Begin PBXGroup section */
		7FA6E6FB23FC4FC300E90CCF = {
			isa = PBXGroup;
			children = (
				7FA6E70623FC4FC400E90CCF /* TimerFunctionality */,
				7FA6E70523FC4FC400E90CCF /* Products */,
			);
			sourceTree = "<group>";
		};
		7FA6E70523FC4FC400E90CCF /* Products */ = {
			isa = PBXGroup;
			children = (
				7FA6E70423FC4FC400E90CCF /* TimerFunctionality.app */,
			);
			name = Products;
			sourceTree = "<group>";
		};
		7FA6E70623FC4FC400E90CCF /* TimerFunctionality */ = {
			isa = PBXGroup;
			children = (
				7FA6E70723FC4FC400E90CCF /* AppDelegate.swift */,
				7FA6E70923FC4FC400E90CCF /* SceneDelegate.swift */,
				7FA6E70B23FC4FC400E90CCF /* ViewController.swift */,
				7FA6E70D23FC4FC400E90CCF /* Main.storyboard */,
				7FA6E71023FC4FC600E90CCF /* Assets.xcassets */,
				7FA6E71223FC4FC600E90CCF /* LaunchScreen.storyboard */,
				7FA6E71523FC4FC600E90CCF /* Info.plist */,
			);
			path = TimerFunctionality;
			sourceTree = "<group>";
		};
/* End PBXGroup section */

/* Begin PBXNativeTarget section */
		7FA6E70323FC4FC400E90CCF /* TimerFunctionality */ = {
			isa = PBXNativeTarget;
			buildConfigurationList = 7FA6E71823FC4FC600E90CCF /* Build configuration list for PBXNativeTarget "TimerFunctionality" */;
			buildPhases = (
				7FA6E70023FC4FC400E90CCF /* Sources */,
				7FA6E70123FC4FC400E90CCF /* Frameworks */,
				7FA6E70223FC4FC400E90CCF /* Resources */,
			);
			buildRules = (
			);
			dependencies = (
			);
			name = TimerFunctionality;
			productName = TimerFunctionality;
			productReference = 7FA6E70423FC4FC400E90CCF /* TimerFunctionality.app */;
			productType = "com.apple.product-type.application";
		};
/* End PBXNativeTarget section */

/* Begin PBXProject section */
		7FA6E6FC23FC4FC300E90CCF /* Project object */ = {
			isa = PBXProject;
			attributes = {
				LastSwiftUpdateCheck = 1130;
				LastUpgradeCheck = 1130;
				ORGANIZATIONNAME = "ELLI SCHARLIN";
				TargetAttributes = {
					7FA6E70323FC4FC400E90CCF = {
						CreatedOnToolsVersion = 11.3.1;
					};
				};
			};
			buildConfigurationList = 7FA6E6FF23FC4FC300E90CCF /* Build configuration list for PBXProject "TimerFunctionality" */;
			compatibilityVersion = "Xcode 9.3";
			developmentRegion = en;
			hasScannedForEncodings = 0;
			knownRegions = (
				en,
				Base,
			);
			mainGroup = 7FA6E6FB23FC4FC300E90CCF;
			productRefGroup = 7FA6E70523FC4FC400E90CCF /* Products */;
			projectDirPath = "";
			projectRoot = "";
			targets = (
				7FA6E70323FC4FC400E90CCF /* TimerFunctionality */,
			);
		};
/* End PBXProject section */

/* Begin PBXResourcesBuildPhase section */
		7FA6E70223FC4FC400E90CCF /* Resources */ = {
			isa = PBXResourcesBuildPhase;
			buildActionMask = 2147483647;
			files = (
				7FA6E71423FC4FC600E90CCF /* LaunchScreen.storyboard in Resources */,
				7FA6E71123FC4FC600E90CCF /* Assets.xcassets in Resources */,
				7FA6E70F23FC4FC400E90CCF /* Main.storyboard in Resources */,
			);
			runOnlyForDeploymentPostprocessing = 0;
		};
/* End PBXResourcesBuildPhase section */

/* Begin PBXSourcesBuildPhase section */
		7FA6E70023FC4FC400E90CCF /* Sources */ = {
			isa = PBXSourcesBuildPhase;
			buildActionMask = 2147483647;
			files = (
				7FA6E70C23FC4FC400E90CCF /* ViewController.swift in Sources */,
				7FA6E70823FC4FC400E90CCF /* AppDelegate.swift in Sources */,
				7FA6E70A23FC4FC400E90CCF /* SceneDelegate.swift in Sources */,
			);
			runOnlyForDeploymentPostprocessing = 0;
		};
/* End PBXSourcesBuildPhase section */

/* Begin PBXVariantGroup section */
		7FA6E70D23FC4FC400E90CCF /* Main.storyboard */ = {
			isa = PBXVariantGroup;
			children = (
				7FA6E70E23FC4FC400E90CCF /* Base */,
			);
			name = Main.storyboard;
			sourceTree = "<group>";
		};
		7FA6E71223FC4FC600E90CCF /* LaunchScreen.storyboard */ = {
			isa = PBXVariantGroup;
			children = (
				7FA6E71323FC4FC600E90CCF /* Base */,
			);
			name = LaunchScreen.storyboard;
			sourceTree = "<group>";
		};
/* End PBXVariantGroup section */

/* Begin XCBuildConfiguration section */
		7FA6E71623FC4FC600E90CCF /* Debug */ = {
			isa = XCBuildConfiguration;
			buildSettings = {
				ALWAYS_SEARCH_USER_PATHS = NO;
				CLANG_ANALYZER_NONNULL = YES;
				CLANG_ANALYZER_NUMBER_OBJECT_CONVERSION = YES_AGGRESSIVE;
				CLANG_CXX_LANGUAGE_STANDARD = "gnu++14";
				CLANG_CXX_LIBRARY = "libc++";
				CLANG_ENABLE_MODULES = YES;
				CLANG_ENABLE_OBJC_ARC = YES;
				CLANG_ENABLE_OBJC_WEAK = YES;
				CLANG_WARN_BLOCK_CAPTURE_AUTORELEASING = YES;
				CLANG_WARN_BOOL_CONVERSION = YES;
				CLANG_WARN_COMMA = YES;
				CLANG_WARN_CONSTANT_CONVERSION = YES;
				CLANG_WARN_DEPRECATED_OBJC_IMPLEMENTATIONS = YES;
				CLANG_WARN_DIRECT_OBJC_ISA_USAGE = YES_ERROR;
				CLANG_WARN_DOCUMENTATION_COMMENTS = YES;
				CLANG_WARN_EMPTY_BODY = YES;
				CLANG_WARN_ENUM_CONVERSION = YES;
				CLANG_WARN_INFINITE_RECURSION = YES;
				CLANG_WARN_INT_CONVERSION = YES;
				CLANG_WARN_NON_LITERAL_NULL_CONVERSION = YES;
				CLANG_WARN_OBJC_IMPLICIT_RETAIN_SELF = YES;
				CLANG_WARN_OBJC_LITERAL_CONVERSION = YES;
				CLANG_WARN_OBJC_ROOT_CLASS = YES_ERROR;
				CLANG_WARN_RANGE_LOOP_ANALYSIS = YES;
				CLANG_WARN_STRICT_PROTOTYPES = YES;
				CLANG_WARN_SUSPICIOUS_MOVE = YES;
				CLANG_WARN_UNGUARDED_AVAILABILITY = YES_AGGRESSIVE;
				CLANG_WARN_UNREACHABLE_CODE = YES;
				CLANG_WARN__DUPLICATE_METHOD_MATCH = YES;
				COPY_PHASE_STRIP = NO;
				DEBUG_INFORMATION_FORMAT = dwarf;
				ENABLE_STRICT_OBJC_MSGSEND = YES;
				ENABLE_TESTABILITY = YES;
				GCC_C_LANGUAGE_STANDARD = gnu11;
				GCC_DYNAMIC_NO_PIC = NO;
				GCC_NO_COMMON_BLOCKS = YES;
				GCC_OPTIMIZATION_LEVEL = 0;
				GCC_PREPROCESSOR_DEFINITIONS = (
					"DEBUG=1",
					"$(inherited)",
				);
				GCC_WARN_64_TO_32_BIT_CONVERSION = YES;
				GCC_WARN_ABOUT_RETURN_TYPE = YES_ERROR;
				GCC_WARN_UNDECLARED_SELECTOR = YES;
				GCC_WARN_UNINITIALIZED_AUTOS = YES_AGGRESSIVE;
				GCC_WARN_UNUSED_FUNCTION = YES;
				GCC_WARN_UNUSED_VARIABLE = YES;
				IPHONEOS_DEPLOYMENT_TARGET = 13.2;
				MTL_ENABLE_DEBUG_INFO = INCLUDE_SOURCE;
				MTL_FAST_MATH = YES;
				ONLY_ACTIVE_ARCH = YES;
				SDKROOT = iphoneos;
				SWIFT_ACTIVE_COMPILATION_CONDITIONS = DEBUG;
				SWIFT_OPTIMIZATION_LEVEL = "-Onone";
			};
			name = Debug;
		};
		7FA6E71723FC4FC600E90CCF /* Release */ = {
			isa = XCBuildConfiguration;
			buildSettings = {
				ALWAYS_SEARCH_USER_PATHS = NO;
				CLANG_ANALYZER_NONNULL = YES;
				CLANG_ANALYZER_NUMBER_OBJECT_CONVERSION = YES_AGGRESSIVE;
				CLANG_CXX_LANGUAGE_STANDARD = "gnu++14";
				CLANG_CXX_LIBRARY = "libc++";
				CLANG_ENABLE_MODULES = YES;
				CLANG_ENABLE_OBJC_ARC = YES;
				CLANG_ENABLE_OBJC_WEAK = YES;
				CLANG_WARN_BLOCK_CAPTURE_AUTORELEASING = YES;
				CLANG_WARN_BOOL_CONVERSION = YES;
				CLANG_WARN_COMMA = YES;
				CLANG_WARN_CONSTANT_CONVERSION = YES;
				CLANG_WARN_DEPRECATED_OBJC_IMPLEMENTATIONS = YES;
				CLANG_WARN_DIRECT_OBJC_ISA_USAGE = YES_ERROR;
				CLANG_WARN_DOCUMENTATION_COMMENTS = YES;
				CLANG_WARN_EMPTY_BODY = YES;
				CLANG_WARN_ENUM_CONVERSION = YES;
				CLANG_WARN_INFINITE_RECURSION = YES;
				CLANG_WARN_INT_CONVERSION = YES;
				CLANG_WARN_NON_LITERAL_NULL_CONVERSION = YES;
				CLANG_WARN_OBJC_IMPLICIT_RETAIN_SELF = YES;
				CLANG_WARN_OBJC_LITERAL_CONVERSION = YES;
				CLANG_WARN_OBJC_ROOT_CLASS = YES_ERROR;
				CLANG_WARN_RANGE_LOOP_ANALYSIS = YES;
				CLANG_WARN_STRICT_PROTOTYPES = YES;
				CLANG_WARN_SUSPICIOUS_MOVE = YES;
				CLANG_WARN_UNGUARDED_AVAILABILITY = YES_AGGRESSIVE;
				CLANG_WARN_UNREACHABLE_CODE = YES;
				CLANG_WARN__DUPLICATE_METHOD_MATCH = YES;
				COPY_PHASE_STRIP = NO;
				DEBUG_INFORMATION_FORMAT = "dwarf-with-dsym";
				ENABLE_NS_ASSERTIONS = NO;
				ENABLE_STRICT_OBJC_MSGSEND = YES;
				GCC_C_LANGUAGE_STANDARD = gnu11;
				GCC_NO_COMMON_BLOCKS = YES;
				GCC_WARN_64_TO_32_BIT_CONVERSION = YES;
				GCC_WARN_ABOUT_RETURN_TYPE = YES_ERROR;
				GCC_WARN_UNDECLARED_SELECTOR = YES;
				GCC_WARN_UNINITIALIZED_AUTOS = YES_AGGRESSIVE;
				GCC_WARN_UNUSED_FUNCTION = YES;
				GCC_WARN_UNUSED_VARIABLE = YES;
				IPHONEOS_DEPLOYMENT_TARGET = 13.2;
				MTL_ENABLE_DEBUG_INFO = NO;
				MTL_FAST_MATH = YES;
				SDKROOT = iphoneos;
				SWIFT_COMPILATION_MODE = wholemodule;
				SWIFT_OPTIMIZATION_LEVEL = "-O";
				VALIDATE_PRODUCT = YES;
			};
			name = Release;
		};
		7FA6E71923FC4FC600E90CCF /* Debug */ = {
			isa = XCBuildConfiguration;
			buildSettings = {
				ASSETCATALOG_COMPILER_APPICON_NAME = AppIcon;
				CODE_SIGN_STYLE = Automatic;
				DEVELOPMENT_TEAM = ZK2P8S7A36;
				INFOPLIST_FILE = TimerFunctionality/Info.plist;
				LD_RUNPATH_SEARCH_PATHS = (
					"$(inherited)",
					"@executable_path/Frameworks",
				);
				PRODUCT_BUNDLE_IDENTIFIER = "elli-no-e.TimerFunctionality";
				PRODUCT_NAME = "$(TARGET_NAME)";
				SWIFT_VERSION = 5.0;
				TARGETED_DEVICE_FAMILY = "1,2";
			};
			name = Debug;
		};
		7FA6E71A23FC4FC600E90CCF /* Release */ = {
			isa = XCBuildConfiguration;
			buildSettings = {
				ASSETCATALOG_COMPILER_APPICON_NAME = AppIcon;
				CODE_SIGN_STYLE = Automatic;
				DEVELOPMENT_TEAM = ZK2P8S7A36;
				INFOPLIST_FILE = TimerFunctionality/Info.plist;
				LD_RUNPATH_SEARCH_PATHS = (
					"$(inherited)",
					"@executable_path/Frameworks",
				);
				PRODUCT_BUNDLE_IDENTIFIER = "elli-no-e.TimerFunctionality";
				PRODUCT_NAME = "$(TARGET_NAME)";
				SWIFT_VERSION = 5.0;
				TARGETED_DEVICE_FAMILY = "1,2";
			};
			name = Release;
		};
/* End XCBuildConfiguration section */

/* Begin XCConfigurationList section */
		7FA6E6FF23FC4FC300E90CCF /* Build configuration list for PBXProject "TimerFunctionality" */ = {
			isa = XCConfigurationList;
			buildConfigurations = (
				7FA6E71623FC4FC600E90CCF /* Debug */,
				7FA6E71723FC4FC600E90CCF /* Release */,
			);
			defaultConfigurationIsVisible = 0;
			defaultConfigurationName = Release;
		};
		7FA6E71823FC4FC600E90CCF /* Build configuration list for PBXNativeTarget "TimerFunctionality" */ = {
			isa = XCConfigurationList;
			buildConfigurations = (
				7FA6E71923FC4FC600E90CCF /* Debug */,
				7FA6E71A23FC4FC600E90CCF /* Release */,
			);
			defaultConfigurationIsVisible = 0;
			defaultConfigurationName = Release;
		};
/* End XCConfigurationList section */
	};
	rootObject = 7FA6E6FC23FC4FC300E90CCF /* Project object */;
}
